
Microsoft Visual Studio Solution File, Format Version 12.00
# Visual Studio Version 16
VisualStudioVersion = 16.0.30907.101
MinimumVisualStudioVersion = 10.0.40219.1
Project("{9A19103F-16F7-4668-BE54-9A1E7A4F7556}") = "One", "One\One.csproj", "{DBC62A26-B439-4CAD-B14D-2896B5657E11}"
EndProject
Project("{9A19103F-16F7-4668-BE54-9A1E7A4F7556}") = "BD", "BD\BD.csproj", "{B09DA202-DE91-4240-8555-B7BA1D41BC2C}"
	ProjectSection(ProjectDependencies) = postProject
		{DBC62A26-B439-4CAD-B14D-2896B5657E11} = {DBC62A26-B439-4CAD-B14D-2896B5657E11}
	EndProjectSection
EndProject
Project("{FAE04EC0-301F-11D3-BF4B-00C04F79EFBC}") = "One.DB", "One.DB\One.DB.csproj", "{07C823A9-9FB2-4D7C-9E4B-89D4C7B19741}"
EndProject
Global
	GlobalSection(SolutionConfigurationPlatforms) = preSolution
		Debug|Any CPU = Debug|Any CPU
		Release|Any CPU = Release|Any CPU
	EndGlobalSection
	GlobalSection(ProjectConfigurationPlatforms) = postSolution
		{DBC62A26-B439-4CAD-B14D-2896B5657E11}.Debug|Any CPU.ActiveCfg = Debug|Any CPU
		{DBC62A26-B439-4CAD-B14D-2896B5657E11}.Debug|Any CPU.Build.0 = Debug|Any CPU
		{DBC62A26-B439-4CAD-B14D-2896B5657E11}.Release|Any CPU.ActiveCfg = Release|Any CPU
		{DBC62A26-B439-4CAD-B14D-2896B5657E11}.Release|Any CPU.Build.0 = Release|Any CPU
		{B09DA202-DE91-4240-8555-B7BA1D41BC2C}.Debug|Any CPU.ActiveCfg = Debug|Any CPU
		{B09DA202-DE91-4240-8555-B7BA1D41BC2C}.Debug|Any CPU.Build.0 = Debug|Any CPU
		{B09DA202-DE91-4240-8555-B7BA1D41BC2C}.Release|Any CPU.ActiveCfg = Release|Any CPU
		{B09DA202-DE91-4240-8555-B7BA1D41BC2C}.Release|Any CPU.Build.0 = Release|Any CPU
		{07C823A9-9FB2-4D7C-9E4B-89D4C7B19741}.Debug|Any CPU.ActiveCfg = Debug|Any CPU
		{07C823A9-9FB2-4D7C-9E4B-89D4C7B19741}.Debug|Any CPU.Build.0 = Debug|Any CPU
		{07C823A9-9FB2-4D7C-9E4B-89D4C7B19741}.Release|Any CPU.ActiveCfg = Release|Any CPU
		{07C823A9-9FB2-4D7C-9E4B-89D4C7B19741}.Release|Any CPU.Build.0 = Release|Any CPU
	EndGlobalSection
	GlobalSection(SolutionProperties) = preSolution
		HideSolutionNode = FALSE
	EndGlobalSection
	GlobalSection(ExtensibilityGlobals) = postSolution
		SolutionGuid = {F3F057D6-723F-42E2-81D7-959552DEAB54}
	EndGlobalSection
EndGlobal
